
Microsoft Visual Studio Solution File, Format Version 12.00
# Visual Studio Version 16
VisualStudioVersion = 16.0.28902.138
MinimumVisualStudioVersion = 10.0.40219.1
Project("{FAE04EC0-301F-11D3-BF4B-00C04F79EFBC}") = "iptvChannelChecker", "iptvChannelChecker.csproj", "{76EF5C38-45EF-4EE1-A0B3-551675377D08}"
EndProject
Global
	GlobalSection(SolutionConfigurationPlatforms) = preSolution
		Debug|Any CPU = Debug|Any CPU
		Release|Any CPU = Release|Any CPU
	EndGlobalSection
	GlobalSection(ProjectConfigurationPlatforms) = postSolution
		{76EF5C38-45EF-4EE1-A0B3-551675377D08}.Debug|Any CPU.ActiveCfg = Debug|Any CPU
		{76EF5C38-45EF-4EE1-A0B3-551675377D08}.Debug|Any CPU.Build.0 = Debug|Any CPU
		{76EF5C38-45EF-4EE1-A0B3-551675377D08}.Release|Any CPU.ActiveCfg = Release|Any CPU
		{76EF5C38-45EF-4EE1-A0B3-551675377D08}.Release|Any CPU.Build.0 = Release|Any CPU
	EndGlobalSection
	GlobalSection(SolutionProperties) = preSolution
		HideSolutionNode = FALSE
	EndGlobalSection
	GlobalSection(ExtensibilityGlobals) = postSolution
		SolutionGuid = {EF3E909C-97B2-4638-BC03-28F6E5B2AC2D}
	EndGlobalSection
EndGlobal
